
Microsoft Visual Studio Solution File, Format Version 12.00
# Visual Studio Version 17
VisualStudioVersion = 17.9.34607.119
MinimumVisualStudioVersion = 10.0.40219.1
Project("{FAE04EC0-301F-11D3-BF4B-00C04F79EFBC}") = "BackEnd", "BackEnd\BackEnd.csproj", "{E556EDA3-F40C-4A4C-A5D3-F774820D2C95}"
EndProject
Global
	GlobalSection(SolutionConfigurationPlatforms) = preSolution
		Debug|Any CPU = Debug|Any CPU
		Release|Any CPU = Release|Any CPU
	EndGlobalSection
	GlobalSection(ProjectConfigurationPlatforms) = postSolution
		{E556EDA3-F40C-4A4C-A5D3-F774820D2C95}.Debug|Any CPU.ActiveCfg = Debug|Any CPU
		{E556EDA3-F40C-4A4C-A5D3-F774820D2C95}.Debug|Any CPU.Build.0 = Debug|Any CPU
		{E556EDA3-F40C-4A4C-A5D3-F774820D2C95}.Release|Any CPU.ActiveCfg = Release|Any CPU
		{E556EDA3-F40C-4A4C-A5D3-F774820D2C95}.Release|Any CPU.Build.0 = Release|Any CPU
	EndGlobalSection
	GlobalSection(SolutionProperties) = preSolution
		HideSolutionNode = FALSE
	EndGlobalSection
	GlobalSection(ExtensibilityGlobals) = postSolution
		SolutionGuid = {265F05C5-91CD-4FBB-8C83-5EC0C8647FF9}
	EndGlobalSection
EndGlobal
